
Microsoft Visual Studio Solution File, Format Version 12.00
# Visual Studio Version 16
VisualStudioVersion = 16.0.30907.101
MinimumVisualStudioVersion = 10.0.40219.1
Project("{FAE04EC0-301F-11D3-BF4B-00C04F79EFBC}") = "Flappy Bird", "Flappy Bird\Flappy Bird.csproj", "{B80C25D8-B9AE-4D32-970E-05A2DAE58B46}"
EndProject
Global
	GlobalSection(SolutionConfigurationPlatforms) = preSolution
		Debug|Any CPU = Debug|Any CPU
		Release|Any CPU = Release|Any CPU
	EndGlobalSection
	GlobalSection(ProjectConfigurationPlatforms) = postSolution
		{B80C25D8-B9AE-4D32-970E-05A2DAE58B46}.Debug|Any CPU.ActiveCfg = Debug|Any CPU
		{B80C25D8-B9AE-4D32-970E-05A2DAE58B46}.Debug|Any CPU.Build.0 = Debug|Any CPU
		{B80C25D8-B9AE-4D32-970E-05A2DAE58B46}.Release|Any CPU.ActiveCfg = Release|Any CPU
		{B80C25D8-B9AE-4D32-970E-05A2DAE58B46}.Release|Any CPU.Build.0 = Release|Any CPU
	EndGlobalSection
	GlobalSection(SolutionProperties) = preSolution
		HideSolutionNode = FALSE
	EndGlobalSection
	GlobalSection(ExtensibilityGlobals) = postSolution
		SolutionGuid = {2F99A321-FD4E-4294-8853-D6A4C3259719}
	EndGlobalSection
EndGlobal
